// !$*UTF8*$!
{
	archiveVersion = 1;
	classes = {
	};
	objectVersion = 50;
	objects = {

/* Begin PBXBuildFile section */
		0EAEF8D32FAA2053F96A08F1 /* Pods_flickr_findr.framework in Frameworks */ = {isa = PBXBuildFile; fileRef = 772585DD321FF46C76A35B13 /* Pods_flickr_findr.framework */; };
		4551710C21791A3E00B9A2F0 /* Photo.swift in Sources */ = {isa = PBXBuildFile; fileRef = 4551710B21791A3E00B9A2F0 /* Photo.swift */; };
		4551710E21791FA700B9A2F0 /* PhotosResource.swift in Sources */ = {isa = PBXBuildFile; fileRef = 4551710D21791FA700B9A2F0 /* PhotosResource.swift */; };
		4551711221792C8F00B9A2F0 /* ApiRequest.swift in Sources */ = {isa = PBXBuildFile; fileRef = 4551711121792C8F00B9A2F0 /* ApiRequest.swift */; };
		45517114217A06EC00B9A2F0 /* ApiResource.swift in Sources */ = {isa = PBXBuildFile; fileRef = 45517113217A06EC00B9A2F0 /* ApiResource.swift */; };
		45517118217A109A00B9A2F0 /* ImageRequest.swift in Sources */ = {isa = PBXBuildFile; fileRef = 45517117217A109A00B9A2F0 /* ImageRequest.swift */; };
		45517121217A4FB000B9A2F0 /* SearchResultTableViewCell.swift in Sources */ = {isa = PBXBuildFile; fileRef = 4551711F217A4FB000B9A2F0 /* SearchResultTableViewCell.swift */; };
		45517122217A4FB000B9A2F0 /* SearchResultTableViewCell.xib in Resources */ = {isa = PBXBuildFile; fileRef = 45517120217A4FB000B9A2F0 /* SearchResultTableViewCell.xib */; };
		45517125217A4FC700B9A2F0 /* SearchTableViewController.swift in Sources */ = {isa = PBXBuildFile; fileRef = 45517123217A4FC700B9A2F0 /* SearchTableViewController.swift */; };
		45517126217A4FC700B9A2F0 /* SearchTableViewController.xib in Resources */ = {isa = PBXBuildFile; fileRef = 45517124217A4FC700B9A2F0 /* SearchTableViewController.xib */; };
		45517128217A7C9800B9A2F0 /* PhotoCache.swift in Sources */ = {isa = PBXBuildFile; fileRef = 45517127217A7C9800B9A2F0 /* PhotoCache.swift */; };
		4551712A217A877F00B9A2F0 /* RootViewController.swift in Sources */ = {isa = PBXBuildFile; fileRef = 45517129217A877F00B9A2F0 /* RootViewController.swift */; };
		4551712D217A892E00B9A2F0 /* PhotoViewController.swift in Sources */ = {isa = PBXBuildFile; fileRef = 4551712B217A892E00B9A2F0 /* PhotoViewController.swift */; };
		4551712E217A892E00B9A2F0 /* PhotoViewController.xib in Resources */ = {isa = PBXBuildFile; fileRef = 4551712C217A892E00B9A2F0 /* PhotoViewController.xib */; };
		45660CFB21783F64004C551A /* NetworkRequest.swift in Sources */ = {isa = PBXBuildFile; fileRef = 45660CFA21783F64004C551A /* NetworkRequest.swift */; };
		45C659D6217ABBE700096A9B /* PastSearchesTableViewController.swift in Sources */ = {isa = PBXBuildFile; fileRef = 45C659D5217ABBE700096A9B /* PastSearchesTableViewController.swift */; };
		45C659D9217AD46C00096A9B /* DataManager.swift in Sources */ = {isa = PBXBuildFile; fileRef = 45C659D8217AD46C00096A9B /* DataManager.swift */; };
		45C659DB217AD4EB00096A9B /* SearchTerm.swift in Sources */ = {isa = PBXBuildFile; fileRef = 45C659DA217AD4EB00096A9B /* SearchTerm.swift */; };
		45C8E3722177FBD70035F7F0 /* AppDelegate.swift in Sources */ = {isa = PBXBuildFile; fileRef = 45C8E3712177FBD70035F7F0 /* AppDelegate.swift */; };
		45C8E3792177FBDA0035F7F0 /* Assets.xcassets in Resources */ = {isa = PBXBuildFile; fileRef = 45C8E3782177FBDA0035F7F0 /* Assets.xcassets */; };
		45C8E37C2177FBDA0035F7F0 /* LaunchScreen.storyboard in Resources */ = {isa = PBXBuildFile; fileRef = 45C8E37A2177FBDA0035F7F0 /* LaunchScreen.storyboard */; };
		45C8E3872177FBDA0035F7F0 /* flickr_findrTests.swift in Sources */ = {isa = PBXBuildFile; fileRef = 45C8E3862177FBDA0035F7F0 /* flickr_findrTests.swift */; };
		45C8E396217818200035F7F0 /* PhotosContainer.swift in Sources */ = {isa = PBXBuildFile; fileRef = 45C8E395217818200035F7F0 /* PhotosContainer.swift */; };
		45CE23842178242900C3C10E /* Result.swift in Sources */ = {isa = PBXBuildFile; fileRef = 45CE23832178242900C3C10E /* Result.swift */; };
		45CE238621782F1600C3C10E /* APIKeys.swift in Sources */ = {isa = PBXBuildFile; fileRef = 45CE238521782F1600C3C10E /* APIKeys.swift */; };
/* End PBXBuildFile section */

/* Begin PBXContainerItemProxy section */
		45C8E3832177FBDA0035F7F0 /* PBXContainerItemProxy */ = {
			isa = PBXContainerItemProxy;
			containerPortal = 45C8E3662177FBD70035F7F0 /* Project object */;
			proxyType = 1;
			remoteGlobalIDString = 45C8E36D2177FBD70035F7F0;
			remoteInfo = "flickr-findr";
		};
/* End PBXContainerItemProxy section */

/* Begin PBXFileReference section */
		03821EA6F1FF102918702FC4 /* Pods-flickr-findr.debug.xcconfig */ = {isa = PBXFileReference; includeInIndex = 1; lastKnownFileType = text.xcconfig; name = "Pods-flickr-findr.debug.xcconfig"; path = "Pods/Target Support Files/Pods-flickr-findr/Pods-flickr-findr.debug.xcconfig"; sourceTree = "<group>"; };
		4551710B21791A3E00B9A2F0 /* Photo.swift */ = {isa = PBXFileReference; lastKnownFileType = sourcecode.swift; path = Photo.swift; sourceTree = "<group>"; };
		4551710D21791FA700B9A2F0 /* PhotosResource.swift */ = {isa = PBXFileReference; lastKnownFileType = sourcecode.swift; path = PhotosResource.swift; sourceTree = "<group>"; };
		4551711121792C8F00B9A2F0 /* ApiRequest.swift */ = {isa = PBXFileReference; lastKnownFileType = sourcecode.swift; path = ApiRequest.swift; sourceTree = "<group>"; };
		45517113217A06EC00B9A2F0 /* ApiResource.swift */ = {isa = PBXFileReference; lastKnownFileType = sourcecode.swift; path = ApiResource.swift; sourceTree = "<group>"; };
		45517117217A109A00B9A2F0 /* ImageRequest.swift */ = {isa = PBXFileReference; lastKnownFileType = sourcecode.swift; path = ImageRequest.swift; sourceTree = "<group>"; };
		4551711F217A4FB000B9A2F0 /* SearchResultTableViewCell.swift */ = {isa = PBXFileReference; lastKnownFileType = sourcecode.swift; path = SearchResultTableViewCell.swift; sourceTree = "<group>"; };
		45517120217A4FB000B9A2F0 /* SearchResultTableViewCell.xib */ = {isa = PBXFileReference; lastKnownFileType = file.xib; path = SearchResultTableViewCell.xib; sourceTree = "<group>"; };
		45517123217A4FC700B9A2F0 /* SearchTableViewController.swift */ = {isa = PBXFileReference; lastKnownFileType = sourcecode.swift; path = SearchTableViewController.swift; sourceTree = "<group>"; };
		45517124217A4FC700B9A2F0 /* SearchTableViewController.xib */ = {isa = PBXFileReference; lastKnownFileType = file.xib; path = SearchTableViewController.xib; sourceTree = "<group>"; };
		45517127217A7C9800B9A2F0 /* PhotoCache.swift */ = {isa = PBXFileReference; lastKnownFileType = sourcecode.swift; path = PhotoCache.swift; sourceTree = "<group>"; };
		45517129217A877F00B9A2F0 /* RootViewController.swift */ = {isa = PBXFileReference; lastKnownFileType = sourcecode.swift; path = RootViewController.swift; sourceTree = "<group>"; };
		4551712B217A892E00B9A2F0 /* PhotoViewController.swift */ = {isa = PBXFileReference; lastKnownFileType = sourcecode.swift; path = PhotoViewController.swift; sourceTree = "<group>"; };
		4551712C217A892E00B9A2F0 /* PhotoViewController.xib */ = {isa = PBXFileReference; lastKnownFileType = file.xib; path = PhotoViewController.xib; sourceTree = "<group>"; };
		45660CFA21783F64004C551A /* NetworkRequest.swift */ = {isa = PBXFileReference; lastKnownFileType = sourcecode.swift; path = NetworkRequest.swift; sourceTree = "<group>"; };
		45C659D5217ABBE700096A9B /* PastSearchesTableViewController.swift */ = {isa = PBXFileReference; lastKnownFileType = sourcecode.swift; path = PastSearchesTableViewController.swift; sourceTree = "<group>"; };
		45C659D8217AD46C00096A9B /* DataManager.swift */ = {isa = PBXFileReference; lastKnownFileType = sourcecode.swift; path = DataManager.swift; sourceTree = "<group>"; };
		45C659DA217AD4EB00096A9B /* SearchTerm.swift */ = {isa = PBXFileReference; lastKnownFileType = sourcecode.swift; path = SearchTerm.swift; sourceTree = "<group>"; };
		45C8E36E2177FBD70035F7F0 /* flickr-findr.app */ = {isa = PBXFileReference; explicitFileType = wrapper.application; includeInIndex = 0; path = "flickr-findr.app"; sourceTree = BUILT_PRODUCTS_DIR; };
		45C8E3712177FBD70035F7F0 /* AppDelegate.swift */ = {isa = PBXFileReference; lastKnownFileType = sourcecode.swift; path = AppDelegate.swift; sourceTree = "<group>"; };
		45C8E3782177FBDA0035F7F0 /* Assets.xcassets */ = {isa = PBXFileReference; lastKnownFileType = folder.assetcatalog; path = Assets.xcassets; sourceTree = "<group>"; };
		45C8E37B2177FBDA0035F7F0 /* Base */ = {isa = PBXFileReference; lastKnownFileType = file.storyboard; name = Base; path = Base.lproj/LaunchScreen.storyboard; sourceTree = "<group>"; };
		45C8E37D2177FBDA0035F7F0 /* Info.plist */ = {isa = PBXFileReference; lastKnownFileType = text.plist.xml; path = Info.plist; sourceTree = "<group>"; };
		45C8E3822177FBDA0035F7F0 /* flickr-findrTests.xctest */ = {isa = PBXFileReference; explicitFileType = wrapper.cfbundle; includeInIndex = 0; path = "flickr-findrTests.xctest"; sourceTree = BUILT_PRODUCTS_DIR; };
		45C8E3862177FBDA0035F7F0 /* flickr_findrTests.swift */ = {isa = PBXFileReference; lastKnownFileType = sourcecode.swift; path = flickr_findrTests.swift; sourceTree = "<group>"; };
		45C8E3882177FBDA0035F7F0 /* Info.plist */ = {isa = PBXFileReference; lastKnownFileType = text.plist.xml; path = Info.plist; sourceTree = "<group>"; };
		45C8E395217818200035F7F0 /* PhotosContainer.swift */ = {isa = PBXFileReference; lastKnownFileType = sourcecode.swift; path = PhotosContainer.swift; sourceTree = "<group>"; };
		45CE23832178242900C3C10E /* Result.swift */ = {isa = PBXFileReference; lastKnownFileType = sourcecode.swift; path = Result.swift; sourceTree = "<group>"; };
		45CE238521782F1600C3C10E /* APIKeys.swift */ = {isa = PBXFileReference; lastKnownFileType = sourcecode.swift; path = APIKeys.swift; sourceTree = "<group>"; };
		772585DD321FF46C76A35B13 /* Pods_flickr_findr.framework */ = {isa = PBXFileReference; explicitFileType = wrapper.framework; includeInIndex = 0; path = Pods_flickr_findr.framework; sourceTree = BUILT_PRODUCTS_DIR; };
		F9D8829A2CB5DFE6B8D8AE28 /* Pods-flickr-findr.release.xcconfig */ = {isa = PBXFileReference; includeInIndex = 1; lastKnownFileType = text.xcconfig; name = "Pods-flickr-findr.release.xcconfig"; path = "Pods/Target Support Files/Pods-flickr-findr/Pods-flickr-findr.release.xcconfig"; sourceTree = "<group>"; };
/* End PBXFileReference section */

/* Begin PBXFrameworksBuildPhase section */
		45C8E36B2177FBD70035F7F0 /* Frameworks */ = {
			isa = PBXFrameworksBuildPhase;
			buildActionMask = 2147483647;
			files = (
				0EAEF8D32FAA2053F96A08F1 /* Pods_flickr_findr.framework in Frameworks */,
			);
			runOnlyForDeploymentPostprocessing = 0;
		};
		45C8E37F2177FBDA0035F7F0 /* Frameworks */ = {
			isa = PBXFrameworksBuildPhase;
			buildActionMask = 2147483647;
			files = (
			);
			runOnlyForDeploymentPostprocessing = 0;
		};
/* End PBXFrameworksBuildPhase section */

/* Begin PBXGroup section */
		034214147495C18983DF8332 /* Frameworks */ = {
			isa = PBXGroup;
			children = (
				772585DD321FF46C76A35B13 /* Pods_flickr_findr.framework */,
			);
			name = Frameworks;
			sourceTree = "<group>";
		};
		45517119217A47FE00B9A2F0 /* ViewControllers */ = {
			isa = PBXGroup;
			children = (
				45517123217A4FC700B9A2F0 /* SearchTableViewController.swift */,
				45517124217A4FC700B9A2F0 /* SearchTableViewController.xib */,
				45517129217A877F00B9A2F0 /* RootViewController.swift */,
				4551712B217A892E00B9A2F0 /* PhotoViewController.swift */,
				4551712C217A892E00B9A2F0 /* PhotoViewController.xib */,
				45C659D5217ABBE700096A9B /* PastSearchesTableViewController.swift */,
			);
			path = ViewControllers;
			sourceTree = "<group>";
		};
		4551711E217A4F8900B9A2F0 /* Views */ = {
			isa = PBXGroup;
			children = (
				4551711F217A4FB000B9A2F0 /* SearchResultTableViewCell.swift */,
				45517120217A4FB000B9A2F0 /* SearchResultTableViewCell.xib */,
			);
			path = Views;
			sourceTree = "<group>";
		};
		45C659D7217AD40600096A9B /* Data */ = {
			isa = PBXGroup;
			children = (
				45C659D8217AD46C00096A9B /* DataManager.swift */,
			);
			path = Data;
			sourceTree = "<group>";
		};
		45C8E3652177FBD70035F7F0 = {
			isa = PBXGroup;
			children = (
				45C8E3702177FBD70035F7F0 /* flickr-findr */,
				45C8E3852177FBDA0035F7F0 /* flickr-findrTests */,
				45C8E36F2177FBD70035F7F0 /* Products */,
				7314F855CE66366E3C3B4434 /* Pods */,
				034214147495C18983DF8332 /* Frameworks */,
			);
			sourceTree = "<group>";
		};
		45C8E36F2177FBD70035F7F0 /* Products */ = {
			isa = PBXGroup;
			children = (
				45C8E36E2177FBD70035F7F0 /* flickr-findr.app */,
				45C8E3822177FBDA0035F7F0 /* flickr-findrTests.xctest */,
			);
			name = Products;
			sourceTree = "<group>";
		};
		45C8E3702177FBD70035F7F0 /* flickr-findr */ = {
			isa = PBXGroup;
			children = (
				45C8E3712177FBD70035F7F0 /* AppDelegate.swift */,
				45C659D7217AD40600096A9B /* Data */,
				45C8E3942178180E0035F7F0 /* Models */,
				45C8E391217815680035F7F0 /* Networking */,
				45CE23822178242000C3C10E /* Utilities */,
				4551711E217A4F8900B9A2F0 /* Views */,
				45517119217A47FE00B9A2F0 /* ViewControllers */,
				45C8E3782177FBDA0035F7F0 /* Assets.xcassets */,
				45C8E37A2177FBDA0035F7F0 /* LaunchScreen.storyboard */,
				45C8E37D2177FBDA0035F7F0 /* Info.plist */,
			);
			path = "flickr-findr";
			sourceTree = "<group>";
		};
		45C8E3852177FBDA0035F7F0 /* flickr-findrTests */ = {
			isa = PBXGroup;
			children = (
				45C8E3862177FBDA0035F7F0 /* flickr_findrTests.swift */,
				45C8E3882177FBDA0035F7F0 /* Info.plist */,
			);
			path = "flickr-findrTests";
			sourceTree = "<group>";
		};
		45C8E391217815680035F7F0 /* Networking */ = {
			isa = PBXGroup;
			children = (
				45660CFA21783F64004C551A /* NetworkRequest.swift */,
				4551711121792C8F00B9A2F0 /* ApiRequest.swift */,
				45517117217A109A00B9A2F0 /* ImageRequest.swift */,
			);
			path = Networking;
			sourceTree = "<group>";
		};
		45C8E3942178180E0035F7F0 /* Models */ = {
			isa = PBXGroup;
			children = (
				45C8E395217818200035F7F0 /* PhotosContainer.swift */,
				4551710B21791A3E00B9A2F0 /* Photo.swift */,
				4551710D21791FA700B9A2F0 /* PhotosResource.swift */,
				45517113217A06EC00B9A2F0 /* ApiResource.swift */,
				45C659DA217AD4EB00096A9B /* SearchTerm.swift */,
			);
			path = Models;
			sourceTree = "<group>";
		};
		45CE23822178242000C3C10E /* Utilities */ = {
			isa = PBXGroup;
			children = (
				45CE23832178242900C3C10E /* Result.swift */,
				45CE238521782F1600C3C10E /* APIKeys.swift */,
				45517127217A7C9800B9A2F0 /* PhotoCache.swift */,
			);
			path = Utilities;
			sourceTree = "<group>";
		};
		7314F855CE66366E3C3B4434 /* Pods */ = {
			isa = PBXGroup;
			children = (
				03821EA6F1FF102918702FC4 /* Pods-flickr-findr.debug.xcconfig */,
				F9D8829A2CB5DFE6B8D8AE28 /* Pods-flickr-findr.release.xcconfig */,
			);
			name = Pods;
			sourceTree = "<group>";
		};
/* End PBXGroup section */

/* Begin PBXNativeTarget section */
		45C8E36D2177FBD70035F7F0 /* flickr-findr */ = {
			isa = PBXNativeTarget;
			buildConfigurationList = 45C8E38B2177FBDA0035F7F0 /* Build configuration list for PBXNativeTarget "flickr-findr" */;
			buildPhases = (
				BDF02F425A4E065A5D282C63 /* [CP] Check Pods Manifest.lock */,
				45C8E36A2177FBD70035F7F0 /* Sources */,
				45C8E36B2177FBD70035F7F0 /* Frameworks */,
				45C8E36C2177FBD70035F7F0 /* Resources */,
				5BAEB46078A6D4F2559308E2 /* [CP] Embed Pods Frameworks */,
				FFFEC508EC71C0BB60CF0BE6 /* [CP] Copy Pods Resources */,
			);
			buildRules = (
			);
			dependencies = (
			);
			name = "flickr-findr";
			productName = "flickr-findr";
			productReference = 45C8E36E2177FBD70035F7F0 /* flickr-findr.app */;
			productType = "com.apple.product-type.application";
		};
		45C8E3812177FBDA0035F7F0 /* flickr-findrTests */ = {
			isa = PBXNativeTarget;
			buildConfigurationList = 45C8E38E2177FBDA0035F7F0 /* Build configuration list for PBXNativeTarget "flickr-findrTests" */;
			buildPhases = (
				45C8E37E2177FBDA0035F7F0 /* Sources */,
				45C8E37F2177FBDA0035F7F0 /* Frameworks */,
				45C8E3802177FBDA0035F7F0 /* Resources */,
			);
			buildRules = (
			);
			dependencies = (
				45C8E3842177FBDA0035F7F0 /* PBXTargetDependency */,
			);
			name = "flickr-findrTests";
			productName = "flickr-findrTests";
			productReference = 45C8E3822177FBDA0035F7F0 /* flickr-findrTests.xctest */;
			productType = "com.apple.product-type.bundle.unit-test";
		};
/* End PBXNativeTarget section */

/* Begin PBXProject section */
		45C8E3662177FBD70035F7F0 /* Project object */ = {
			isa = PBXProject;
			attributes = {
				LastSwiftUpdateCheck = 1000;
				LastUpgradeCheck = 1000;
				ORGANIZATIONNAME = alanscarpa;
				TargetAttributes = {
					45C8E36D2177FBD70035F7F0 = {
						CreatedOnToolsVersion = 10.0;
					};
					45C8E3812177FBDA0035F7F0 = {
						CreatedOnToolsVersion = 10.0;
						TestTargetID = 45C8E36D2177FBD70035F7F0;
					};
				};
			};
			buildConfigurationList = 45C8E3692177FBD70035F7F0 /* Build configuration list for PBXProject "flickr-findr" */;
			compatibilityVersion = "Xcode 9.3";
			developmentRegion = en;
			hasScannedForEncodings = 0;
			knownRegions = (
				en,
				Base,
			);
			mainGroup = 45C8E3652177FBD70035F7F0;
			productRefGroup = 45C8E36F2177FBD70035F7F0 /* Products */;
			projectDirPath = "";
			projectRoot = "";
			targets = (
				45C8E36D2177FBD70035F7F0 /* flickr-findr */,
				45C8E3812177FBDA0035F7F0 /* flickr-findrTests */,
			);
		};
/* End PBXProject section */

/* Begin PBXResourcesBuildPhase section */
		45C8E36C2177FBD70035F7F0 /* Resources */ = {
			isa = PBXResourcesBuildPhase;
			buildActionMask = 2147483647;
			files = (
				45517126217A4FC700B9A2F0 /* SearchTableViewController.xib in Resources */,
				4551712E217A892E00B9A2F0 /* PhotoViewController.xib in Resources */,
				45C8E37C2177FBDA0035F7F0 /* LaunchScreen.storyboard in Resources */,
				45517122217A4FB000B9A2F0 /* SearchResultTableViewCell.xib in Resources */,
				45C8E3792177FBDA0035F7F0 /* Assets.xcassets in Resources */,
			);
			runOnlyForDeploymentPostprocessing = 0;
		};
		45C8E3802177FBDA0035F7F0 /* Resources */ = {
			isa = PBXResourcesBuildPhase;
			buildActionMask = 2147483647;
			files = (
			);
			runOnlyForDeploymentPostprocessing = 0;
		};
/* End PBXResourcesBuildPhase section */

/* Begin PBXShellScriptBuildPhase section */
		5BAEB46078A6D4F2559308E2 /* [CP] Embed Pods Frameworks */ = {
			isa = PBXShellScriptBuildPhase;
			buildActionMask = 2147483647;
			files = (
			);
			inputPaths = (
				"${SRCROOT}/Pods/Target Support Files/Pods-flickr-findr/Pods-flickr-findr-frameworks.sh",
				"${BUILT_PRODUCTS_DIR}/Realm/Realm.framework",
				"${BUILT_PRODUCTS_DIR}/RealmSwift/RealmSwift.framework",
			);
			name = "[CP] Embed Pods Frameworks";
			outputPaths = (
				"${TARGET_BUILD_DIR}/${FRAMEWORKS_FOLDER_PATH}/Realm.framework",
				"${TARGET_BUILD_DIR}/${FRAMEWORKS_FOLDER_PATH}/RealmSwift.framework",
			);
			runOnlyForDeploymentPostprocessing = 0;
			shellPath = /bin/sh;
			shellScript = "\"${SRCROOT}/Pods/Target Support Files/Pods-flickr-findr/Pods-flickr-findr-frameworks.sh\"\n";
			showEnvVarsInLog = 0;
		};
		BDF02F425A4E065A5D282C63 /* [CP] Check Pods Manifest.lock */ = {
			isa = PBXShellScriptBuildPhase;
			buildActionMask = 2147483647;
			files = (
			);
			inputPaths = (
				"${PODS_PODFILE_DIR_PATH}/Podfile.lock",
				"${PODS_ROOT}/Manifest.lock",
			);
			name = "[CP] Check Pods Manifest.lock";
			outputPaths = (
				"$(DERIVED_FILE_DIR)/Pods-flickr-findr-checkManifestLockResult.txt",
			);
			runOnlyForDeploymentPostprocessing = 0;
			shellPath = /bin/sh;
			shellScript = "diff \"${PODS_PODFILE_DIR_PATH}/Podfile.lock\" \"${PODS_ROOT}/Manifest.lock\" > /dev/null\nif [ $? != 0 ] ; then\n    # print error to STDERR\n    echo \"error: The sandbox is not in sync with the Podfile.lock. Run 'pod install' or update your CocoaPods installation.\" >&2\n    exit 1\nfi\n# This output is used by Xcode 'outputs' to avoid re-running this script phase.\necho \"SUCCESS\" > \"${SCRIPT_OUTPUT_FILE_0}\"\n";
			showEnvVarsInLog = 0;
		};
		FFFEC508EC71C0BB60CF0BE6 /* [CP] Copy Pods Resources */ = {
			isa = PBXShellScriptBuildPhase;
			buildActionMask = 2147483647;
			files = (
			);
			inputPaths = (
			);
			name = "[CP] Copy Pods Resources";
			outputPaths = (
			);
			runOnlyForDeploymentPostprocessing = 0;
			shellPath = /bin/sh;
			shellScript = "\"${SRCROOT}/Pods/Target Support Files/Pods-flickr-findr/Pods-flickr-findr-resources.sh\"\n";
			showEnvVarsInLog = 0;
		};
/* End PBXShellScriptBuildPhase section */

/* Begin PBXSourcesBuildPhase section */
		45C8E36A2177FBD70035F7F0 /* Sources */ = {
			isa = PBXSourcesBuildPhase;
			buildActionMask = 2147483647;
			files = (
				45CE23842178242900C3C10E /* Result.swift in Sources */,
				45517128217A7C9800B9A2F0 /* PhotoCache.swift in Sources */,
				45517121217A4FB000B9A2F0 /* SearchResultTableViewCell.swift in Sources */,
				45C659DB217AD4EB00096A9B /* SearchTerm.swift in Sources */,
				45517118217A109A00B9A2F0 /* ImageRequest.swift in Sources */,
				45C8E396217818200035F7F0 /* PhotosContainer.swift in Sources */,
				4551711221792C8F00B9A2F0 /* ApiRequest.swift in Sources */,
				45CE238621782F1600C3C10E /* APIKeys.swift in Sources */,
				4551710C21791A3E00B9A2F0 /* Photo.swift in Sources */,
				4551712A217A877F00B9A2F0 /* RootViewController.swift in Sources */,
				45C659D9217AD46C00096A9B /* DataManager.swift in Sources */,
				45660CFB21783F64004C551A /* NetworkRequest.swift in Sources */,
				4551710E21791FA700B9A2F0 /* PhotosResource.swift in Sources */,
				45517125217A4FC700B9A2F0 /* SearchTableViewController.swift in Sources */,
				45517114217A06EC00B9A2F0 /* ApiResource.swift in Sources */,
				45C659D6217ABBE700096A9B /* PastSearchesTableViewController.swift in Sources */,
				45C8E3722177FBD70035F7F0 /* AppDelegate.swift in Sources */,
				4551712D217A892E00B9A2F0 /* PhotoViewController.swift in Sources */,
			);
			runOnlyForDeploymentPostprocessing = 0;
		};
		45C8E37E2177FBDA0035F7F0 /* Sources */ = {
			isa = PBXSourcesBuildPhase;
			buildActionMask = 2147483647;
			files = (
				45C8E3872177FBDA0035F7F0 /* flickr_findrTests.swift in Sources */,
			);
			runOnlyForDeploymentPostprocessing = 0;
		};
/* End PBXSourcesBuildPhase section */

/* Begin PBXTargetDependency section */
		45C8E3842177FBDA0035F7F0 /* PBXTargetDependency */ = {
			isa = PBXTargetDependency;
			target = 45C8E36D2177FBD70035F7F0 /* flickr-findr */;
			targetProxy = 45C8E3832177FBDA0035F7F0 /* PBXContainerItemProxy */;
		};
/* End PBXTargetDependency section */

/* Begin PBXVariantGroup section */
		45C8E37A2177FBDA0035F7F0 /* LaunchScreen.storyboard */ = {
			isa = PBXVariantGroup;
			children = (
				45C8E37B2177FBDA0035F7F0 /* Base */,
			);
			name = LaunchScreen.storyboard;
			sourceTree = "<group>";
		};
/* End PBXVariantGroup section */

/* Begin XCBuildConfiguration section */
		45C8E3892177FBDA0035F7F0 /* Debug */ = {
			isa = XCBuildConfiguration;
			buildSettings = {
				ALWAYS_SEARCH_USER_PATHS = NO;
				CLANG_ANALYZER_NONNULL = YES;
				CLANG_ANALYZER_NUMBER_OBJECT_CONVERSION = YES_AGGRESSIVE;
				CLANG_CXX_LANGUAGE_STANDARD = "gnu++14";
				CLANG_CXX_LIBRARY = "libc++";
				CLANG_ENABLE_MODULES = YES;
				CLANG_ENABLE_OBJC_ARC = YES;
				CLANG_ENABLE_OBJC_WEAK = YES;
				CLANG_WARN_BLOCK_CAPTURE_AUTORELEASING = YES;
				CLANG_WARN_BOOL_CONVERSION = YES;
				CLANG_WARN_COMMA = YES;
				CLANG_WARN_CONSTANT_CONVERSION = YES;
				CLANG_WARN_DEPRECATED_OBJC_IMPLEMENTATIONS = YES;
				CLANG_WARN_DIRECT_OBJC_ISA_USAGE = YES_ERROR;
				CLANG_WARN_DOCUMENTATION_COMMENTS = YES;
				CLANG_WARN_EMPTY_BODY = YES;
				CLANG_WARN_ENUM_CONVERSION = YES;
				CLANG_WARN_INFINITE_RECURSION = YES;
				CLANG_WARN_INT_CONVERSION = YES;
				CLANG_WARN_NON_LITERAL_NULL_CONVERSION = YES;
				CLANG_WARN_OBJC_IMPLICIT_RETAIN_SELF = YES;
				CLANG_WARN_OBJC_LITERAL_CONVERSION = YES;
				CLANG_WARN_OBJC_ROOT_CLASS = YES_ERROR;
				CLANG_WARN_RANGE_LOOP_ANALYSIS = YES;
				CLANG_WARN_STRICT_PROTOTYPES = YES;
				CLANG_WARN_SUSPICIOUS_MOVE = YES;
				CLANG_WARN_UNGUARDED_AVAILABILITY = YES_AGGRESSIVE;
				CLANG_WARN_UNREACHABLE_CODE = YES;
				CLANG_WARN__DUPLICATE_METHOD_MATCH = YES;
				CODE_SIGN_IDENTITY = "iPhone Developer";
				COPY_PHASE_STRIP = NO;
				DEBUG_INFORMATION_FORMAT = dwarf;
				ENABLE_STRICT_OBJC_MSGSEND = YES;
				ENABLE_TESTABILITY = YES;
				GCC_C_LANGUAGE_STANDARD = gnu11;
				GCC_DYNAMIC_NO_PIC = NO;
				GCC_NO_COMMON_BLOCKS = YES;
				GCC_OPTIMIZATION_LEVEL = 0;
				GCC_PREPROCESSOR_DEFINITIONS = (
					"DEBUG=1",
					"$(inherited)",
				);
				GCC_WARN_64_TO_32_BIT_CONVERSION = YES;
				GCC_WARN_ABOUT_RETURN_TYPE = YES_ERROR;
				GCC_WARN_UNDECLARED_SELECTOR = YES;
				GCC_WARN_UNINITIALIZED_AUTOS = YES_AGGRESSIVE;
				GCC_WARN_UNUSED_FUNCTION = YES;
				GCC_WARN_UNUSED_VARIABLE = YES;
				IPHONEOS_DEPLOYMENT_TARGET = 12.0;
				MTL_ENABLE_DEBUG_INFO = INCLUDE_SOURCE;
				MTL_FAST_MATH = YES;
				ONLY_ACTIVE_ARCH = YES;
				SDKROOT = iphoneos;
				SWIFT_ACTIVE_COMPILATION_CONDITIONS = DEBUG;
				SWIFT_OPTIMIZATION_LEVEL = "-Onone";
			};
			name = Debug;
		};
		45C8E38A2177FBDA0035F7F0 /* Release */ = {
			isa = XCBuildConfiguration;
			buildSettings = {
				ALWAYS_SEARCH_USER_PATHS = NO;
				CLANG_ANALYZER_NONNULL = YES;
				CLANG_ANALYZER_NUMBER_OBJECT_CONVERSION = YES_AGGRESSIVE;
				CLANG_CXX_LANGUAGE_STANDARD = "gnu++14";
				CLANG_CXX_LIBRARY = "libc++";
				CLANG_ENABLE_MODULES = YES;
				CLANG_ENABLE_OBJC_ARC = YES;
				CLANG_ENABLE_OBJC_WEAK = YES;
				CLANG_WARN_BLOCK_CAPTURE_AUTORELEASING = YES;
				CLANG_WARN_BOOL_CONVERSION = YES;
				CLANG_WARN_COMMA = YES;
				CLANG_WARN_CONSTANT_CONVERSION = YES;
				CLANG_WARN_DEPRECATED_OBJC_IMPLEMENTATIONS = YES;
				CLANG_WARN_DIRECT_OBJC_ISA_USAGE = YES_ERROR;
				CLANG_WARN_DOCUMENTATION_COMMENTS = YES;
				CLANG_WARN_EMPTY_BODY = YES;
				CLANG_WARN_ENUM_CONVERSION = YES;
				CLANG_WARN_INFINITE_RECURSION = YES;
				CLANG_WARN_INT_CONVERSION = YES;
				CLANG_WARN_NON_LITERAL_NULL_CONVERSION = YES;
				CLANG_WARN_OBJC_IMPLICIT_RETAIN_SELF = YES;
				CLANG_WARN_OBJC_LITERAL_CONVERSION = YES;
				CLANG_WARN_OBJC_ROOT_CLASS = YES_ERROR;
				CLANG_WARN_RANGE_LOOP_ANALYSIS = YES;
				CLANG_WARN_STRICT_PROTOTYPES = YES;
				CLANG_WARN_SUSPICIOUS_MOVE = YES;
				CLANG_WARN_UNGUARDED_AVAILABILITY = YES_AGGRESSIVE;
				CLANG_WARN_UNREACHABLE_CODE = YES;
				CLANG_WARN__DUPLICATE_METHOD_MATCH = YES;
				CODE_SIGN_IDENTITY = "iPhone Developer";
				COPY_PHASE_STRIP = NO;
				DEBUG_INFORMATION_FORMAT = "dwarf-with-dsym";
				ENABLE_NS_ASSERTIONS = NO;
				ENABLE_STRICT_OBJC_MSGSEND = YES;
				GCC_C_LANGUAGE_STANDARD = gnu11;
				GCC_NO_COMMON_BLOCKS = YES;
				GCC_WARN_64_TO_32_BIT_CONVERSION = YES;
				GCC_WARN_ABOUT_RETURN_TYPE = YES_ERROR;
				GCC_WARN_UNDECLARED_SELECTOR = YES;
				GCC_WARN_UNINITIALIZED_AUTOS = YES_AGGRESSIVE;
				GCC_WARN_UNUSED_FUNCTION = YES;
				GCC_WARN_UNUSED_VARIABLE = YES;
				IPHONEOS_DEPLOYMENT_TARGET = 12.0;
				MTL_ENABLE_DEBUG_INFO = NO;
				MTL_FAST_MATH = YES;
				SDKROOT = iphoneos;
				SWIFT_COMPILATION_MODE = wholemodule;
				SWIFT_OPTIMIZATION_LEVEL = "-O";
				VALIDATE_PRODUCT = YES;
			};
			name = Release;
		};
		45C8E38C2177FBDA0035F7F0 /* Debug */ = {
			isa = XCBuildConfiguration;
			baseConfigurationReference = 03821EA6F1FF102918702FC4 /* Pods-flickr-findr.debug.xcconfig */;
			buildSettings = {
				ASSETCATALOG_COMPILER_APPICON_NAME = AppIcon;
				CODE_SIGN_STYLE = Automatic;
				DEVELOPMENT_TEAM = 98E8SVTQ29;
				INFOPLIST_FILE = "flickr-findr/Info.plist";
				IPHONEOS_DEPLOYMENT_TARGET = 12.0;
				LD_RUNPATH_SEARCH_PATHS = (
					"$(inherited)",
					"@executable_path/Frameworks",
				);
				PRODUCT_BUNDLE_IDENTIFIER = "com.alanscarpa.flickr-findr";
				PRODUCT_NAME = "$(TARGET_NAME)";
				SWIFT_VERSION = 4.2;
				TARGETED_DEVICE_FAMILY = "1,2";
			};
			name = Debug;
		};
		45C8E38D2177FBDA0035F7F0 /* Release */ = {
			isa = XCBuildConfiguration;
			baseConfigurationReference = F9D8829A2CB5DFE6B8D8AE28 /* Pods-flickr-findr.release.xcconfig */;
			buildSettings = {
				ASSETCATALOG_COMPILER_APPICON_NAME = AppIcon;
				CODE_SIGN_STYLE = Automatic;
				DEVELOPMENT_TEAM = 98E8SVTQ29;
				INFOPLIST_FILE = "flickr-findr/Info.plist";
				IPHONEOS_DEPLOYMENT_TARGET = 12.0;
				LD_RUNPATH_SEARCH_PATHS = (
					"$(inherited)",
					"@executable_path/Frameworks",
				);
				PRODUCT_BUNDLE_IDENTIFIER = "com.alanscarpa.flickr-findr";
				PRODUCT_NAME = "$(TARGET_NAME)";
				SWIFT_VERSION = 4.2;
				TARGETED_DEVICE_FAMILY = "1,2";
			};
			name = Release;
		};
		45C8E38F2177FBDA0035F7F0 /* Debug */ = {
			isa = XCBuildConfiguration;
			buildSettings = {
				ALWAYS_EMBED_SWIFT_STANDARD_LIBRARIES = YES;
				BUNDLE_LOADER = "$(TEST_HOST)";
				CODE_SIGN_STYLE = Automatic;
				DEVELOPMENT_TEAM = 98E8SVTQ29;
				INFOPLIST_FILE = "flickr-findrTests/Info.plist";
				LD_RUNPATH_SEARCH_PATHS = (
					"$(inherited)",
					"@executable_path/Frameworks",
					"@loader_path/Frameworks",
				);
				PRODUCT_BUNDLE_IDENTIFIER = "com.alanscarpa.flickr-findrTests";
				PRODUCT_NAME = "$(TARGET_NAME)";
				SWIFT_VERSION = 4.2;
				TARGETED_DEVICE_FAMILY = "1,2";
				TEST_HOST = "$(BUILT_PRODUCTS_DIR)/flickr-findr.app/flickr-findr";
			};
			name = Debug;
		};
		45C8E3902177FBDA0035F7F0 /* Release */ = {
			isa = XCBuildConfiguration;
			buildSettings = {
				ALWAYS_EMBED_SWIFT_STANDARD_LIBRARIES = YES;
				BUNDLE_LOADER = "$(TEST_HOST)";
				CODE_SIGN_STYLE = Automatic;
				DEVELOPMENT_TEAM = 98E8SVTQ29;
				INFOPLIST_FILE = "flickr-findrTests/Info.plist";
				LD_RUNPATH_SEARCH_PATHS = (
					"$(inherited)",
					"@executable_path/Frameworks",
					"@loader_path/Frameworks",
				);
				PRODUCT_BUNDLE_IDENTIFIER = "com.alanscarpa.flickr-findrTests";
				PRODUCT_NAME = "$(TARGET_NAME)";
				SWIFT_VERSION = 4.2;
				TARGETED_DEVICE_FAMILY = "1,2";
				TEST_HOST = "$(BUILT_PRODUCTS_DIR)/flickr-findr.app/flickr-findr";
			};
			name = Release;
		};
/* End XCBuildConfiguration section */

/* Begin XCConfigurationList section */
		45C8E3692177FBD70035F7F0 /* Build configuration list for PBXProject "flickr-findr" */ = {
			isa = XCConfigurationList;
			buildConfigurations = (
				45C8E3892177FBDA0035F7F0 /* Debug */,
				45C8E38A2177FBDA0035F7F0 /* Release */,
			);
			defaultConfigurationIsVisible = 0;
			defaultConfigurationName = Release;
		};
		45C8E38B2177FBDA0035F7F0 /* Build configuration list for PBXNativeTarget "flickr-findr" */ = {
			isa = XCConfigurationList;
			buildConfigurations = (
				45C8E38C2177FBDA0035F7F0 /* Debug */,
				45C8E38D2177FBDA0035F7F0 /* Release */,
			);
			defaultConfigurationIsVisible = 0;
			defaultConfigurationName = Release;
		};
		45C8E38E2177FBDA0035F7F0 /* Build configuration list for PBXNativeTarget "flickr-findrTests" */ = {
			isa = XCConfigurationList;
			buildConfigurations = (
				45C8E38F2177FBDA0035F7F0 /* Debug */,
				45C8E3902177FBDA0035F7F0 /* Release */,
			);
			defaultConfigurationIsVisible = 0;
			defaultConfigurationName = Release;
		};
/* End XCConfigurationList section */
	};
	rootObject = 45C8E3662177FBD70035F7F0 /* Project object */;
}
